
Microsoft Visual Studio Solution File, Format Version 12.00
# Visual Studio Version 16
VisualStudioVersion = 16.0.30804.86
MinimumVisualStudioVersion = 10.0.40219.1
Project("{FAE04EC0-301F-11D3-BF4B-00C04F79EFBC}") = "PegasisTest", "PegasisTest\PegasisTest.csproj", "{391F2B49-3F19-4596-A6B4-99CD3BCF5283}"
EndProject
Global
	GlobalSection(SolutionConfigurationPlatforms) = preSolution
		Debug|Any CPU = Debug|Any CPU
		Release|Any CPU = Release|Any CPU
	EndGlobalSection
	GlobalSection(ProjectConfigurationPlatforms) = postSolution
		{391F2B49-3F19-4596-A6B4-99CD3BCF5283}.Debug|Any CPU.ActiveCfg = Debug|Any CPU
		{391F2B49-3F19-4596-A6B4-99CD3BCF5283}.Debug|Any CPU.Build.0 = Debug|Any CPU
		{391F2B49-3F19-4596-A6B4-99CD3BCF5283}.Release|Any CPU.ActiveCfg = Release|Any CPU
		{391F2B49-3F19-4596-A6B4-99CD3BCF5283}.Release|Any CPU.Build.0 = Release|Any CPU
	EndGlobalSection
	GlobalSection(SolutionProperties) = preSolution
		HideSolutionNode = FALSE
	EndGlobalSection
	GlobalSection(ExtensibilityGlobals) = postSolution
		SolutionGuid = {1998C6AC-2F27-47B6-B6DD-E666A786C81D}
	EndGlobalSection
EndGlobal
